
Microsoft Visual Studio Solution File, Format Version 12.00
# Visual Studio Version 17
VisualStudioVersion = 17.1.31903.286
MinimumVisualStudioVersion = 10.0.40219.1
Project("{9A19103F-16F7-4668-BE54-9A1E7A4F7556}") = "OpenpilotSdk", "OpenpilotSdk\OpenpilotSdk.csproj", "{1880FC90-F116-4EEB-80B9-7EAB88367800}"
EndProject
Project("{9A19103F-16F7-4668-BE54-9A1E7A4F7556}") = "OpenpilotToolkit", "OpenpilotToolkit\OpenpilotToolkit.csproj", "{62140EB0-73AF-43E7-9327-DC4C779A7314}"
EndProject
Project("{FAE04EC0-301F-11D3-BF4B-00C04F79EFBC}") = "OpenpilotToolkitAndroid", "OpenpilotToolkitAndroid\OpenpilotToolkitAndroid.csproj", "{78577F26-048A-4234-A9E6-23F14F764405}"
EndProject
Global
	GlobalSection(SolutionConfigurationPlatforms) = preSolution
		Debug|Any CPU = Debug|Any CPU
		Debug|x64 = Debug|x64
		Release|Any CPU = Release|Any CPU
		Release|x64 = Release|x64
	EndGlobalSection
	GlobalSection(ProjectConfigurationPlatforms) = postSolution
		{1880FC90-F116-4EEB-80B9-7EAB88367800}.Debug|Any CPU.ActiveCfg = Debug|x64
		{1880FC90-F116-4EEB-80B9-7EAB88367800}.Debug|Any CPU.Build.0 = Debug|x64
		{1880FC90-F116-4EEB-80B9-7EAB88367800}.Debug|x64.ActiveCfg = Debug|x64
		{1880FC90-F116-4EEB-80B9-7EAB88367800}.Debug|x64.Build.0 = Debug|x64
		{1880FC90-F116-4EEB-80B9-7EAB88367800}.Release|Any CPU.ActiveCfg = Release|x64
		{1880FC90-F116-4EEB-80B9-7EAB88367800}.Release|Any CPU.Build.0 = Release|x64
		{1880FC90-F116-4EEB-80B9-7EAB88367800}.Release|x64.ActiveCfg = Release|x64
		{1880FC90-F116-4EEB-80B9-7EAB88367800}.Release|x64.Build.0 = Release|x64
		{62140EB0-73AF-43E7-9327-DC4C779A7314}.Debug|Any CPU.ActiveCfg = Debug|x64
		{62140EB0-73AF-43E7-9327-DC4C779A7314}.Debug|Any CPU.Build.0 = Debug|x64
		{62140EB0-73AF-43E7-9327-DC4C779A7314}.Debug|x64.ActiveCfg = Debug|x64
		{62140EB0-73AF-43E7-9327-DC4C779A7314}.Debug|x64.Build.0 = Debug|x64
		{62140EB0-73AF-43E7-9327-DC4C779A7314}.Release|Any CPU.ActiveCfg = Release|Any CPU
		{62140EB0-73AF-43E7-9327-DC4C779A7314}.Release|Any CPU.Build.0 = Release|Any CPU
		{62140EB0-73AF-43E7-9327-DC4C779A7314}.Release|x64.ActiveCfg = Release|x64
		{62140EB0-73AF-43E7-9327-DC4C779A7314}.Release|x64.Build.0 = Release|x64
		{78577F26-048A-4234-A9E6-23F14F764405}.Debug|Any CPU.ActiveCfg = Debug|Any CPU
		{78577F26-048A-4234-A9E6-23F14F764405}.Debug|Any CPU.Build.0 = Debug|Any CPU
		{78577F26-048A-4234-A9E6-23F14F764405}.Debug|Any CPU.Deploy.0 = Debug|Any CPU
		{78577F26-048A-4234-A9E6-23F14F764405}.Debug|x64.ActiveCfg = Debug|x64
		{78577F26-048A-4234-A9E6-23F14F764405}.Debug|x64.Build.0 = Debug|x64
		{78577F26-048A-4234-A9E6-23F14F764405}.Debug|x64.Deploy.0 = Debug|x64
		{78577F26-048A-4234-A9E6-23F14F764405}.Release|Any CPU.ActiveCfg = Release|Any CPU
		{78577F26-048A-4234-A9E6-23F14F764405}.Release|Any CPU.Build.0 = Release|Any CPU
		{78577F26-048A-4234-A9E6-23F14F764405}.Release|Any CPU.Deploy.0 = Release|Any CPU
		{78577F26-048A-4234-A9E6-23F14F764405}.Release|x64.ActiveCfg = Release|Any CPU
		{78577F26-048A-4234-A9E6-23F14F764405}.Release|x64.Build.0 = Release|Any CPU
		{78577F26-048A-4234-A9E6-23F14F764405}.Release|x64.Deploy.0 = Release|Any CPU
	EndGlobalSection
	GlobalSection(SolutionProperties) = preSolution
		HideSolutionNode = FALSE
	EndGlobalSection
	GlobalSection(ExtensibilityGlobals) = postSolution
		SolutionGuid = {FA159187-0B54-4781-9698-975FB71F5610}
	EndGlobalSection
EndGlobal
